// !$*UTF8*$!
{
	archiveVersion = 1;
	classes = {
	};
	objectVersion = 46;
	objects = {

/* Begin PBXBuildFile section */
		3A88A7E81E0A51170091783D /* SignalProducerExtension.swift in Sources */ = {isa = PBXBuildFile; fileRef = 3A88A7E71E0A51170091783D /* SignalProducerExtension.swift */; };
		3A88A7EF1E0A71E30091783D /* NotificationCenterExtention.swift in Sources */ = {isa = PBXBuildFile; fileRef = 3A88A7EE1E0A71E30091783D /* NotificationCenterExtention.swift */; };
		3A994B321E07EB530020178A /* AppDelegate.swift in Sources */ = {isa = PBXBuildFile; fileRef = 3A994B311E07EB530020178A /* AppDelegate.swift */; };
		3A994B341E07EB530020178A /* ViewController.swift in Sources */ = {isa = PBXBuildFile; fileRef = 3A994B331E07EB530020178A /* ViewController.swift */; };
		3A994B371E07EB530020178A /* Main.storyboard in Resources */ = {isa = PBXBuildFile; fileRef = 3A994B351E07EB530020178A /* Main.storyboard */; };
		3A994B391E07EB530020178A /* Assets.xcassets in Resources */ = {isa = PBXBuildFile; fileRef = 3A994B381E07EB530020178A /* Assets.xcassets */; };
		3A994B3C1E07EB530020178A /* LaunchScreen.storyboard in Resources */ = {isa = PBXBuildFile; fileRef = 3A994B3A1E07EB530020178A /* LaunchScreen.storyboard */; };
		3A994B511E07EBA60020178A /* ReactiveCocoaExtension.framework in Frameworks */ = {isa = PBXBuildFile; fileRef = 3A994B481E07EBA60020178A /* ReactiveCocoaExtension.framework */; };
		3A994B581E07EBA60020178A /* ReactiveCocoaExtensionTests.swift in Sources */ = {isa = PBXBuildFile; fileRef = 3A994B571E07EBA60020178A /* ReactiveCocoaExtensionTests.swift */; };
		3A994B5A1E07EBA60020178A /* ReactiveCocoaExtension.h in Headers */ = {isa = PBXBuildFile; fileRef = 3A994B4A1E07EBA60020178A /* ReactiveCocoaExtension.h */; settings = {ATTRIBUTES = (Public, ); }; };
		3A994B5D1E07EBA60020178A /* ReactiveCocoaExtension.framework in Frameworks */ = {isa = PBXBuildFile; fileRef = 3A994B481E07EBA60020178A /* ReactiveCocoaExtension.framework */; };
		3A994B5E1E07EBA60020178A /* ReactiveCocoaExtension.framework in Embed Frameworks */ = {isa = PBXBuildFile; fileRef = 3A994B481E07EBA60020178A /* ReactiveCocoaExtension.framework */; settings = {ATTRIBUTES = (CodeSignOnCopy, RemoveHeadersOnCopy, ); }; };
		3A994B671E07F05B0020178A /* SchedulerExtension.swift in Sources */ = {isa = PBXBuildFile; fileRef = 3A994B661E07F05B0020178A /* SchedulerExtension.swift */; };
		8AC42200097F184BC88C6CEA /* Pods_AppDemo.framework in Frameworks */ = {isa = PBXBuildFile; fileRef = 10A06A8B73ED24C85BF65698 /* Pods_AppDemo.framework */; };
		AB379F4C230EEDC8C02C250B /* Pods_ReactiveCocoaExtension.framework in Frameworks */ = {isa = PBXBuildFile; fileRef = 68281DC3F9694C97BFB47642 /* Pods_ReactiveCocoaExtension.framework */; };
		C584C6D606C4FD33410F0B97 /* Pods_ReactiveCocoaExtensionTests.framework in Frameworks */ = {isa = PBXBuildFile; fileRef = 8EF4DAD980691AEE051FC8EF /* Pods_ReactiveCocoaExtensionTests.framework */; };
/* End PBXBuildFile section */

/* Begin PBXContainerItemProxy section */
		3A994B521E07EBA60020178A /* PBXContainerItemProxy */ = {
			isa = PBXContainerItemProxy;
			containerPortal = 3A994B261E07EB530020178A /* Project object */;
			proxyType = 1;
			remoteGlobalIDString = 3A994B471E07EBA60020178A;
			remoteInfo = ReactiveCocoaExtension;
		};
		3A994B541E07EBA60020178A /* PBXContainerItemProxy */ = {
			isa = PBXContainerItemProxy;
			containerPortal = 3A994B261E07EB530020178A /* Project object */;
			proxyType = 1;
			remoteGlobalIDString = 3A994B2D1E07EB530020178A;
			remoteInfo = AppDemo;
		};
		3A994B5B1E07EBA60020178A /* PBXContainerItemProxy */ = {
			isa = PBXContainerItemProxy;
			containerPortal = 3A994B261E07EB530020178A /* Project object */;
			proxyType = 1;
			remoteGlobalIDString = 3A994B471E07EBA60020178A;
			remoteInfo = ReactiveCocoaExtension;
		};
/* End PBXContainerItemProxy section */

/* Begin PBXCopyFilesBuildPhase section */
		3A994B641E07EBA60020178A /* Embed Frameworks */ = {
			isa = PBXCopyFilesBuildPhase;
			buildActionMask = 2147483647;
			dstPath = "";
			dstSubfolderSpec = 10;
			files = (
				3A994B5E1E07EBA60020178A /* ReactiveCocoaExtension.framework in Embed Frameworks */,
			);
			name = "Embed Frameworks";
			runOnlyForDeploymentPostprocessing = 0;
		};
/* End PBXCopyFilesBuildPhase section */

/* Begin PBXFileReference section */
		10A06A8B73ED24C85BF65698 /* Pods_AppDemo.framework */ = {isa = PBXFileReference; explicitFileType = wrapper.framework; includeInIndex = 0; path = Pods_AppDemo.framework; sourceTree = BUILT_PRODUCTS_DIR; };
		2020DB03C1A26403A80823C5 /* Pods-ReactiveCocoaExtension.debug.xcconfig */ = {isa = PBXFileReference; includeInIndex = 1; lastKnownFileType = text.xcconfig; name = "Pods-ReactiveCocoaExtension.debug.xcconfig"; path = "Pods/Target Support Files/Pods-ReactiveCocoaExtension/Pods-ReactiveCocoaExtension.debug.xcconfig"; sourceTree = "<group>"; };
		31DDADCC684345786F11EC7D /* Pods-ReactiveCocoaExtensionTests.debug.xcconfig */ = {isa = PBXFileReference; includeInIndex = 1; lastKnownFileType = text.xcconfig; name = "Pods-ReactiveCocoaExtensionTests.debug.xcconfig"; path = "Pods/Target Support Files/Pods-ReactiveCocoaExtensionTests/Pods-ReactiveCocoaExtensionTests.debug.xcconfig"; sourceTree = "<group>"; };
		3A88A7E71E0A51170091783D /* SignalProducerExtension.swift */ = {isa = PBXFileReference; fileEncoding = 4; lastKnownFileType = sourcecode.swift; path = SignalProducerExtension.swift; sourceTree = "<group>"; };
		3A88A7EE1E0A71E30091783D /* NotificationCenterExtention.swift */ = {isa = PBXFileReference; fileEncoding = 4; lastKnownFileType = sourcecode.swift; path = NotificationCenterExtention.swift; sourceTree = "<group>"; };
		3A994B2E1E07EB530020178A /* AppDemo.app */ = {isa = PBXFileReference; explicitFileType = wrapper.application; includeInIndex = 0; path = AppDemo.app; sourceTree = BUILT_PRODUCTS_DIR; };
		3A994B311E07EB530020178A /* AppDelegate.swift */ = {isa = PBXFileReference; lastKnownFileType = sourcecode.swift; path = AppDelegate.swift; sourceTree = "<group>"; };
		3A994B331E07EB530020178A /* ViewController.swift */ = {isa = PBXFileReference; lastKnownFileType = sourcecode.swift; path = ViewController.swift; sourceTree = "<group>"; };
		3A994B361E07EB530020178A /* Base */ = {isa = PBXFileReference; lastKnownFileType = file.storyboard; name = Base; path = Base.lproj/Main.storyboard; sourceTree = "<group>"; };
		3A994B381E07EB530020178A /* Assets.xcassets */ = {isa = PBXFileReference; lastKnownFileType = folder.assetcatalog; path = Assets.xcassets; sourceTree = "<group>"; };
		3A994B3B1E07EB530020178A /* Base */ = {isa = PBXFileReference; lastKnownFileType = file.storyboard; name = Base; path = Base.lproj/LaunchScreen.storyboard; sourceTree = "<group>"; };
		3A994B3D1E07EB530020178A /* Info.plist */ = {isa = PBXFileReference; lastKnownFileType = text.plist.xml; path = Info.plist; sourceTree = "<group>"; };
		3A994B481E07EBA60020178A /* ReactiveCocoaExtension.framework */ = {isa = PBXFileReference; explicitFileType = wrapper.framework; includeInIndex = 0; path = ReactiveCocoaExtension.framework; sourceTree = BUILT_PRODUCTS_DIR; };
		3A994B4A1E07EBA60020178A /* ReactiveCocoaExtension.h */ = {isa = PBXFileReference; lastKnownFileType = sourcecode.c.h; path = ReactiveCocoaExtension.h; sourceTree = "<group>"; };
		3A994B4B1E07EBA60020178A /* Info.plist */ = {isa = PBXFileReference; lastKnownFileType = text.plist.xml; path = Info.plist; sourceTree = "<group>"; };
		3A994B501E07EBA60020178A /* ReactiveCocoaExtensionTests.xctest */ = {isa = PBXFileReference; explicitFileType = wrapper.cfbundle; includeInIndex = 0; path = ReactiveCocoaExtensionTests.xctest; sourceTree = BUILT_PRODUCTS_DIR; };
		3A994B571E07EBA60020178A /* ReactiveCocoaExtensionTests.swift */ = {isa = PBXFileReference; lastKnownFileType = sourcecode.swift; path = ReactiveCocoaExtensionTests.swift; sourceTree = "<group>"; };
		3A994B591E07EBA60020178A /* Info.plist */ = {isa = PBXFileReference; lastKnownFileType = text.plist.xml; path = Info.plist; sourceTree = "<group>"; };
		3A994B661E07F05B0020178A /* SchedulerExtension.swift */ = {isa = PBXFileReference; fileEncoding = 4; lastKnownFileType = sourcecode.swift; path = SchedulerExtension.swift; sourceTree = "<group>"; };
		44B83CC0DEB60E0DF58B5FB8 /* Pods-ReactiveCocoaExtensionTests.release.xcconfig */ = {isa = PBXFileReference; includeInIndex = 1; lastKnownFileType = text.xcconfig; name = "Pods-ReactiveCocoaExtensionTests.release.xcconfig"; path = "Pods/Target Support Files/Pods-ReactiveCocoaExtensionTests/Pods-ReactiveCocoaExtensionTests.release.xcconfig"; sourceTree = "<group>"; };
		4903D880437484F5F54E0D93 /* Pods-AppDemo.debug.xcconfig */ = {isa = PBXFileReference; includeInIndex = 1; lastKnownFileType = text.xcconfig; name = "Pods-AppDemo.debug.xcconfig"; path = "Pods/Target Support Files/Pods-AppDemo/Pods-AppDemo.debug.xcconfig"; sourceTree = "<group>"; };
		68281DC3F9694C97BFB47642 /* Pods_ReactiveCocoaExtension.framework */ = {isa = PBXFileReference; explicitFileType = wrapper.framework; includeInIndex = 0; path = Pods_ReactiveCocoaExtension.framework; sourceTree = BUILT_PRODUCTS_DIR; };
		751F241754228E79AA770AC8 /* Pods-AppDemo.release.xcconfig */ = {isa = PBXFileReference; includeInIndex = 1; lastKnownFileType = text.xcconfig; name = "Pods-AppDemo.release.xcconfig"; path = "Pods/Target Support Files/Pods-AppDemo/Pods-AppDemo.release.xcconfig"; sourceTree = "<group>"; };
		8EF4DAD980691AEE051FC8EF /* Pods_ReactiveCocoaExtensionTests.framework */ = {isa = PBXFileReference; explicitFileType = wrapper.framework; includeInIndex = 0; path = Pods_ReactiveCocoaExtensionTests.framework; sourceTree = BUILT_PRODUCTS_DIR; };
		E7A0F3ADE61900582F796315 /* Pods-ReactiveCocoaExtension.release.xcconfig */ = {isa = PBXFileReference; includeInIndex = 1; lastKnownFileType = text.xcconfig; name = "Pods-ReactiveCocoaExtension.release.xcconfig"; path = "Pods/Target Support Files/Pods-ReactiveCocoaExtension/Pods-ReactiveCocoaExtension.release.xcconfig"; sourceTree = "<group>"; };
/* End PBXFileReference section */

/* Begin PBXFrameworksBuildPhase section */
		3A994B2B1E07EB530020178A /* Frameworks */ = {
			isa = PBXFrameworksBuildPhase;
			buildActionMask = 2147483647;
			files = (
				3A994B5D1E07EBA60020178A /* ReactiveCocoaExtension.framework in Frameworks */,
				8AC42200097F184BC88C6CEA /* Pods_AppDemo.framework in Frameworks */,
			);
			runOnlyForDeploymentPostprocessing = 0;
		};
		3A994B441E07EBA60020178A /* Frameworks */ = {
			isa = PBXFrameworksBuildPhase;
			buildActionMask = 2147483647;
			files = (
				AB379F4C230EEDC8C02C250B /* Pods_ReactiveCocoaExtension.framework in Frameworks */,
			);
			runOnlyForDeploymentPostprocessing = 0;
		};
		3A994B4D1E07EBA60020178A /* Frameworks */ = {
			isa = PBXFrameworksBuildPhase;
			buildActionMask = 2147483647;
			files = (
				3A994B511E07EBA60020178A /* ReactiveCocoaExtension.framework in Frameworks */,
				C584C6D606C4FD33410F0B97 /* Pods_ReactiveCocoaExtensionTests.framework in Frameworks */,
			);
			runOnlyForDeploymentPostprocessing = 0;
		};
/* End PBXFrameworksBuildPhase section */

/* Begin PBXGroup section */
		3A994B251E07EB530020178A = {
			isa = PBXGroup;
			children = (
				3A994B301E07EB530020178A /* AppDemo */,
				3A994B491E07EBA60020178A /* ReactiveCocoaExtension */,
				3A994B561E07EBA60020178A /* ReactiveCocoaExtensionTests */,
				3A994B2F1E07EB530020178A /* Products */,
				D659006E68954542D1D960FE /* Pods */,
				FBFA294E03776988CC1F6510 /* Frameworks */,
			);
			sourceTree = "<group>";
		};
		3A994B2F1E07EB530020178A /* Products */ = {
			isa = PBXGroup;
			children = (
				3A994B2E1E07EB530020178A /* AppDemo.app */,
				3A994B481E07EBA60020178A /* ReactiveCocoaExtension.framework */,
				3A994B501E07EBA60020178A /* ReactiveCocoaExtensionTests.xctest */,
			);
			name = Products;
			sourceTree = "<group>";
		};
		3A994B301E07EB530020178A /* AppDemo */ = {
			isa = PBXGroup;
			children = (
				3A994B311E07EB530020178A /* AppDelegate.swift */,
				3A994B331E07EB530020178A /* ViewController.swift */,
				3A994B351E07EB530020178A /* Main.storyboard */,
				3A994B381E07EB530020178A /* Assets.xcassets */,
				3A994B3A1E07EB530020178A /* LaunchScreen.storyboard */,
				3A994B3D1E07EB530020178A /* Info.plist */,
			);
			path = AppDemo;
			sourceTree = "<group>";
		};
		3A994B491E07EBA60020178A /* ReactiveCocoaExtension */ = {
			isa = PBXGroup;
			children = (
				3A994B4A1E07EBA60020178A /* ReactiveCocoaExtension.h */,
				3A994B4B1E07EBA60020178A /* Info.plist */,
				3A994B661E07F05B0020178A /* SchedulerExtension.swift */,
				3A88A7E71E0A51170091783D /* SignalProducerExtension.swift */,
				3A88A7EE1E0A71E30091783D /* NotificationCenterExtention.swift */,
			);
			path = ReactiveCocoaExtension;
			sourceTree = "<group>";
		};
		3A994B561E07EBA60020178A /* ReactiveCocoaExtensionTests */ = {
			isa = PBXGroup;
			children = (
				3A994B571E07EBA60020178A /* ReactiveCocoaExtensionTests.swift */,
				3A994B591E07EBA60020178A /* Info.plist */,
			);
			path = ReactiveCocoaExtensionTests;
			sourceTree = "<group>";
		};
		D659006E68954542D1D960FE /* Pods */ = {
			isa = PBXGroup;
			children = (
				4903D880437484F5F54E0D93 /* Pods-AppDemo.debug.xcconfig */,
				751F241754228E79AA770AC8 /* Pods-AppDemo.release.xcconfig */,
				2020DB03C1A26403A80823C5 /* Pods-ReactiveCocoaExtension.debug.xcconfig */,
				E7A0F3ADE61900582F796315 /* Pods-ReactiveCocoaExtension.release.xcconfig */,
				31DDADCC684345786F11EC7D /* Pods-ReactiveCocoaExtensionTests.debug.xcconfig */,
				44B83CC0DEB60E0DF58B5FB8 /* Pods-ReactiveCocoaExtensionTests.release.xcconfig */,
			);
			name = Pods;
			sourceTree = "<group>";
		};
		FBFA294E03776988CC1F6510 /* Frameworks */ = {
			isa = PBXGroup;
			children = (
				10A06A8B73ED24C85BF65698 /* Pods_AppDemo.framework */,
				68281DC3F9694C97BFB47642 /* Pods_ReactiveCocoaExtension.framework */,
				8EF4DAD980691AEE051FC8EF /* Pods_ReactiveCocoaExtensionTests.framework */,
			);
			name = Frameworks;
			sourceTree = "<group>";
		};
/* End PBXGroup section */

/* Begin PBXHeadersBuildPhase section */
		3A994B451E07EBA60020178A /* Headers */ = {
			isa = PBXHeadersBuildPhase;
			buildActionMask = 2147483647;
			files = (
				3A994B5A1E07EBA60020178A /* ReactiveCocoaExtension.h in Headers */,
			);
			runOnlyForDeploymentPostprocessing = 0;
		};
/* End PBXHeadersBuildPhase section */

/* Begin PBXNativeTarget section */
		3A994B2D1E07EB530020178A /* AppDemo */ = {
			isa = PBXNativeTarget;
			buildConfigurationList = 3A994B401E07EB530020178A /* Build configuration list for PBXNativeTarget "AppDemo" */;
			buildPhases = (
				0CB9DC111EF8E4A892882BF2 /* [CP] Check Pods Manifest.lock */,
				3A994B2A1E07EB530020178A /* Sources */,
				3A994B2B1E07EB530020178A /* Frameworks */,
				3A994B2C1E07EB530020178A /* Resources */,
				3A994B641E07EBA60020178A /* Embed Frameworks */,
				1031B1EDED12F9C8C168548A /* [CP] Embed Pods Frameworks */,
				58A4483FD27EAFCDBE7B39A3 /* [CP] Copy Pods Resources */,
			);
			buildRules = (
			);
			dependencies = (
				3A994B5C1E07EBA60020178A /* PBXTargetDependency */,
			);
			name = AppDemo;
			productName = AppDemo;
			productReference = 3A994B2E1E07EB530020178A /* AppDemo.app */;
			productType = "com.apple.product-type.application";
		};
		3A994B471E07EBA60020178A /* ReactiveCocoaExtension */ = {
			isa = PBXNativeTarget;
			buildConfigurationList = 3A994B631E07EBA60020178A /* Build configuration list for PBXNativeTarget "ReactiveCocoaExtension" */;
			buildPhases = (
				8E4DA50548210AF60806F9B1 /* [CP] Check Pods Manifest.lock */,
				3A994B431E07EBA60020178A /* Sources */,
				3A994B441E07EBA60020178A /* Frameworks */,
				3A994B451E07EBA60020178A /* Headers */,
				3A994B461E07EBA60020178A /* Resources */,
				4873A83564E7EF5EA91CE15C /* [CP] Copy Pods Resources */,
			);
			buildRules = (
			);
			dependencies = (
			);
			name = ReactiveCocoaExtension;
			productName = ReactiveCocoaExtension;
			productReference = 3A994B481E07EBA60020178A /* ReactiveCocoaExtension.framework */;
			productType = "com.apple.product-type.framework";
		};
		3A994B4F1E07EBA60020178A /* ReactiveCocoaExtensionTests */ = {
			isa = PBXNativeTarget;
			buildConfigurationList = 3A994B651E07EBA60020178A /* Build configuration list for PBXNativeTarget "ReactiveCocoaExtensionTests" */;
			buildPhases = (
				59780A4DB9B37803983D7FFB /* [CP] Check Pods Manifest.lock */,
				3A994B4C1E07EBA60020178A /* Sources */,
				3A994B4D1E07EBA60020178A /* Frameworks */,
				3A994B4E1E07EBA60020178A /* Resources */,
				21DADBEB59B02962C63DD474 /* [CP] Embed Pods Frameworks */,
				124B0BDA96DB2CD3F51A71AB /* [CP] Copy Pods Resources */,
			);
			buildRules = (
			);
			dependencies = (
				3A994B531E07EBA60020178A /* PBXTargetDependency */,
				3A994B551E07EBA60020178A /* PBXTargetDependency */,
			);
			name = ReactiveCocoaExtensionTests;
			productName = ReactiveCocoaExtensionTests;
			productReference = 3A994B501E07EBA60020178A /* ReactiveCocoaExtensionTests.xctest */;
			productType = "com.apple.product-type.bundle.unit-test";
		};
/* End PBXNativeTarget section */

/* Begin PBXProject section */
		3A994B261E07EB530020178A /* Project object */ = {
			isa = PBXProject;
			attributes = {
				LastSwiftUpdateCheck = 0810;
				LastUpgradeCheck = 0810;
				ORGANIZATIONNAME = "卓同学";
				TargetAttributes = {
					3A994B2D1E07EB530020178A = {
						CreatedOnToolsVersion = 8.1;
						ProvisioningStyle = Automatic;
					};
					3A994B471E07EBA60020178A = {
						CreatedOnToolsVersion = 8.1;
						LastSwiftMigration = 0810;
						ProvisioningStyle = Automatic;
					};
					3A994B4F1E07EBA60020178A = {
						CreatedOnToolsVersion = 8.1;
						ProvisioningStyle = Automatic;
						TestTargetID = 3A994B2D1E07EB530020178A;
					};
				};
			};
			buildConfigurationList = 3A994B291E07EB530020178A /* Build configuration list for PBXProject "AppDemo" */;
			compatibilityVersion = "Xcode 3.2";
			developmentRegion = English;
			hasScannedForEncodings = 0;
			knownRegions = (
				en,
				Base,
			);
			mainGroup = 3A994B251E07EB530020178A;
			productRefGroup = 3A994B2F1E07EB530020178A /* Products */;
			projectDirPath = "";
			projectRoot = "";
			targets = (
				3A994B2D1E07EB530020178A /* AppDemo */,
				3A994B471E07EBA60020178A /* ReactiveCocoaExtension */,
				3A994B4F1E07EBA60020178A /* ReactiveCocoaExtensionTests */,
			);
		};
/* End PBXProject section */

/* Begin PBXResourcesBuildPhase section */
		3A994B2C1E07EB530020178A /* Resources */ = {
			isa = PBXResourcesBuildPhase;
			buildActionMask = 2147483647;
			files = (
				3A994B3C1E07EB530020178A /* LaunchScreen.storyboard in Resources */,
				3A994B391E07EB530020178A /* Assets.xcassets in Resources */,
				3A994B371E07EB530020178A /* Main.storyboard in Resources */,
			);
			runOnlyForDeploymentPostprocessing = 0;
		};
		3A994B461E07EBA60020178A /* Resources */ = {
			isa = PBXResourcesBuildPhase;
			buildActionMask = 2147483647;
			files = (
			);
			runOnlyForDeploymentPostprocessing = 0;
		};
		3A994B4E1E07EBA60020178A /* Resources */ = {
			isa = PBXResourcesBuildPhase;
			buildActionMask = 2147483647;
			files = (
			);
			runOnlyForDeploymentPostprocessing = 0;
		};
/* End PBXResourcesBuildPhase section */

/* Begin PBXShellScriptBuildPhase section */
		0CB9DC111EF8E4A892882BF2 /* [CP] Check Pods Manifest.lock */ = {
			isa = PBXShellScriptBuildPhase;
			buildActionMask = 2147483647;
			files = (
			);
			inputPaths = (
			);
			name = "[CP] Check Pods Manifest.lock";
			outputPaths = (
			);
			runOnlyForDeploymentPostprocessing = 0;
			shellPath = /bin/sh;
			shellScript = "diff \"${PODS_ROOT}/../Podfile.lock\" \"${PODS_ROOT}/Manifest.lock\" > /dev/null\nif [ $? != 0 ] ; then\n    # print error to STDERR\n    echo \"error: The sandbox is not in sync with the Podfile.lock. Run 'pod install' or update your CocoaPods installation.\" >&2\n    exit 1\nfi\n";
			showEnvVarsInLog = 0;
		};
		1031B1EDED12F9C8C168548A /* [CP] Embed Pods Frameworks */ = {
			isa = PBXShellScriptBuildPhase;
			buildActionMask = 2147483647;
			files = (
			);
			inputPaths = (
			);
			name = "[CP] Embed Pods Frameworks";
			outputPaths = (
			);
			runOnlyForDeploymentPostprocessing = 0;
			shellPath = /bin/sh;
			shellScript = "\"${SRCROOT}/Pods/Target Support Files/Pods-AppDemo/Pods-AppDemo-frameworks.sh\"\n";
			showEnvVarsInLog = 0;
		};
		124B0BDA96DB2CD3F51A71AB /* [CP] Copy Pods Resources */ = {
			isa = PBXShellScriptBuildPhase;
			buildActionMask = 2147483647;
			files = (
			);
			inputPaths = (
			);
			name = "[CP] Copy Pods Resources";
			outputPaths = (
			);
			runOnlyForDeploymentPostprocessing = 0;
			shellPath = /bin/sh;
			shellScript = "\"${SRCROOT}/Pods/Target Support Files/Pods-ReactiveCocoaExtensionTests/Pods-ReactiveCocoaExtensionTests-resources.sh\"\n";
			showEnvVarsInLog = 0;
		};
		21DADBEB59B02962C63DD474 /* [CP] Embed Pods Frameworks */ = {
			isa = PBXShellScriptBuildPhase;
			buildActionMask = 2147483647;
			files = (
			);
			inputPaths = (
			);
			name = "[CP] Embed Pods Frameworks";
			outputPaths = (
			);
			runOnlyForDeploymentPostprocessing = 0;
			shellPath = /bin/sh;
			shellScript = "\"${SRCROOT}/Pods/Target Support Files/Pods-ReactiveCocoaExtensionTests/Pods-ReactiveCocoaExtensionTests-frameworks.sh\"\n";
			showEnvVarsInLog = 0;
		};
		4873A83564E7EF5EA91CE15C /* [CP] Copy Pods Resources */ = {
			isa = PBXShellScriptBuildPhase;
			buildActionMask = 2147483647;
			files = (
			);
			inputPaths = (
			);
			name = "[CP] Copy Pods Resources";
			outputPaths = (
			);
			runOnlyForDeploymentPostprocessing = 0;
			shellPath = /bin/sh;
			shellScript = "\"${SRCROOT}/Pods/Target Support Files/Pods-ReactiveCocoaExtension/Pods-ReactiveCocoaExtension-resources.sh\"\n";
			showEnvVarsInLog = 0;
		};
		58A4483FD27EAFCDBE7B39A3 /* [CP] Copy Pods Resources */ = {
			isa = PBXShellScriptBuildPhase;
			buildActionMask = 2147483647;
			files = (
			);
			inputPaths = (
			);
			name = "[CP] Copy Pods Resources";
			outputPaths = (
			);
			runOnlyForDeploymentPostprocessing = 0;
			shellPath = /bin/sh;
			shellScript = "\"${SRCROOT}/Pods/Target Support Files/Pods-AppDemo/Pods-AppDemo-resources.sh\"\n";
			showEnvVarsInLog = 0;
		};
		59780A4DB9B37803983D7FFB /* [CP] Check Pods Manifest.lock */ = {
			isa = PBXShellScriptBuildPhase;
			buildActionMask = 2147483647;
			files = (
			);
			inputPaths = (
			);
			name = "[CP] Check Pods Manifest.lock";
			outputPaths = (
			);
			runOnlyForDeploymentPostprocessing = 0;
			shellPath = /bin/sh;
			shellScript = "diff \"${PODS_ROOT}/../Podfile.lock\" \"${PODS_ROOT}/Manifest.lock\" > /dev/null\nif [ $? != 0 ] ; then\n    # print error to STDERR\n    echo \"error: The sandbox is not in sync with the Podfile.lock. Run 'pod install' or update your CocoaPods installation.\" >&2\n    exit 1\nfi\n";
			showEnvVarsInLog = 0;
		};
		8E4DA50548210AF60806F9B1 /* [CP] Check Pods Manifest.lock */ = {
			isa = PBXShellScriptBuildPhase;
			buildActionMask = 2147483647;
			files = (
			);
			inputPaths = (
			);
			name = "[CP] Check Pods Manifest.lock";
			outputPaths = (
			);
			runOnlyForDeploymentPostprocessing = 0;
			shellPath = /bin/sh;
			shellScript = "diff \"${PODS_ROOT}/../Podfile.lock\" \"${PODS_ROOT}/Manifest.lock\" > /dev/null\nif [ $? != 0 ] ; then\n    # print error to STDERR\n    echo \"error: The sandbox is not in sync with the Podfile.lock. Run 'pod install' or update your CocoaPods installation.\" >&2\n    exit 1\nfi\n";
			showEnvVarsInLog = 0;
		};
/* End PBXShellScriptBuildPhase section */

/* Begin PBXSourcesBuildPhase section */
		3A994B2A1E07EB530020178A /* Sources */ = {
			isa = PBXSourcesBuildPhase;
			buildActionMask = 2147483647;
			files = (
				3A994B341E07EB530020178A /* ViewController.swift in Sources */,
				3A994B321E07EB530020178A /* AppDelegate.swift in Sources */,
			);
			runOnlyForDeploymentPostprocessing = 0;
		};
		3A994B431E07EBA60020178A /* Sources */ = {
			isa = PBXSourcesBuildPhase;
			buildActionMask = 2147483647;
			files = (
				3A994B671E07F05B0020178A /* SchedulerExtension.swift in Sources */,
				3A88A7E81E0A51170091783D /* SignalProducerExtension.swift in Sources */,
				3A88A7EF1E0A71E30091783D /* NotificationCenterExtention.swift in Sources */,
			);
			runOnlyForDeploymentPostprocessing = 0;
		};
		3A994B4C1E07EBA60020178A /* Sources */ = {
			isa = PBXSourcesBuildPhase;
			buildActionMask = 2147483647;
			files = (
				3A994B581E07EBA60020178A /* ReactiveCocoaExtensionTests.swift in Sources */,
			);
			runOnlyForDeploymentPostprocessing = 0;
		};
/* End PBXSourcesBuildPhase section */

/* Begin PBXTargetDependency section */
		3A994B531E07EBA60020178A /* PBXTargetDependency */ = {
			isa = PBXTargetDependency;
			target = 3A994B471E07EBA60020178A /* ReactiveCocoaExtension */;
			targetProxy = 3A994B521E07EBA60020178A /* PBXContainerItemProxy */;
		};
		3A994B551E07EBA60020178A /* PBXTargetDependency */ = {
			isa = PBXTargetDependency;
			target = 3A994B2D1E07EB530020178A /* AppDemo */;
			targetProxy = 3A994B541E07EBA60020178A /* PBXContainerItemProxy */;
		};
		3A994B5C1E07EBA60020178A /* PBXTargetDependency */ = {
			isa = PBXTargetDependency;
			target = 3A994B471E07EBA60020178A /* ReactiveCocoaExtension */;
			targetProxy = 3A994B5B1E07EBA60020178A /* PBXContainerItemProxy */;
		};
/* End PBXTargetDependency section */

/* Begin PBXVariantGroup section */
		3A994B351E07EB530020178A /* Main.storyboard */ = {
			isa = PBXVariantGroup;
			children = (
				3A994B361E07EB530020178A /* Base */,
			);
			name = Main.storyboard;
			sourceTree = "<group>";
		};
		3A994B3A1E07EB530020178A /* LaunchScreen.storyboard */ = {
			isa = PBXVariantGroup;
			children = (
				3A994B3B1E07EB530020178A /* Base */,
			);
			name = LaunchScreen.storyboard;
			sourceTree = "<group>";
		};
/* End PBXVariantGroup section */

/* Begin XCBuildConfiguration section */
		3A994B3E1E07EB530020178A /* Debug */ = {
			isa = XCBuildConfiguration;
			buildSettings = {
				ALWAYS_SEARCH_USER_PATHS = NO;
				CLANG_ANALYZER_NONNULL = YES;
				CLANG_CXX_LANGUAGE_STANDARD = "gnu++0x";
				CLANG_CXX_LIBRARY = "libc++";
				CLANG_ENABLE_MODULES = YES;
				CLANG_ENABLE_OBJC_ARC = YES;
				CLANG_WARN_BOOL_CONVERSION = YES;
				CLANG_WARN_CONSTANT_CONVERSION = YES;
				CLANG_WARN_DIRECT_OBJC_ISA_USAGE = YES_ERROR;
				CLANG_WARN_DOCUMENTATION_COMMENTS = YES;
				CLANG_WARN_EMPTY_BODY = YES;
				CLANG_WARN_ENUM_CONVERSION = YES;
				CLANG_WARN_INFINITE_RECURSION = YES;
				CLANG_WARN_INT_CONVERSION = YES;
				CLANG_WARN_OBJC_ROOT_CLASS = YES_ERROR;
				CLANG_WARN_SUSPICIOUS_MOVES = YES;
				CLANG_WARN_UNREACHABLE_CODE = YES;
				CLANG_WARN__DUPLICATE_METHOD_MATCH = YES;
				"CODE_SIGN_IDENTITY[sdk=iphoneos*]" = "iPhone Developer";
				COPY_PHASE_STRIP = NO;
				DEBUG_INFORMATION_FORMAT = dwarf;
				ENABLE_STRICT_OBJC_MSGSEND = YES;
				ENABLE_TESTABILITY = YES;
				GCC_C_LANGUAGE_STANDARD = gnu99;
				GCC_DYNAMIC_NO_PIC = NO;
				GCC_NO_COMMON_BLOCKS = YES;
				GCC_OPTIMIZATION_LEVEL = 0;
				GCC_PREPROCESSOR_DEFINITIONS = (
					"DEBUG=1",
					"$(inherited)",
				);
				GCC_WARN_64_TO_32_BIT_CONVERSION = YES;
				GCC_WARN_ABOUT_RETURN_TYPE = YES_ERROR;
				GCC_WARN_UNDECLARED_SELECTOR = YES;
				GCC_WARN_UNINITIALIZED_AUTOS = YES_AGGRESSIVE;
				GCC_WARN_UNUSED_FUNCTION = YES;
				GCC_WARN_UNUSED_VARIABLE = YES;
				IPHONEOS_DEPLOYMENT_TARGET = 10.1;
				MTL_ENABLE_DEBUG_INFO = YES;
				ONLY_ACTIVE_ARCH = YES;
				SDKROOT = iphoneos;
				SWIFT_ACTIVE_COMPILATION_CONDITIONS = DEBUG;
				SWIFT_OPTIMIZATION_LEVEL = "-Onone";
			};
			name = Debug;
		};
		3A994B3F1E07EB530020178A /* Release */ = {
			isa = XCBuildConfiguration;
			buildSettings = {
				ALWAYS_SEARCH_USER_PATHS = NO;
				CLANG_ANALYZER_NONNULL = YES;
				CLANG_CXX_LANGUAGE_STANDARD = "gnu++0x";
				CLANG_CXX_LIBRARY = "libc++";
				CLANG_ENABLE_MODULES = YES;
				CLANG_ENABLE_OBJC_ARC = YES;
				CLANG_WARN_BOOL_CONVERSION = YES;
				CLANG_WARN_CONSTANT_CONVERSION = YES;
				CLANG_WARN_DIRECT_OBJC_ISA_USAGE = YES_ERROR;
				CLANG_WARN_DOCUMENTATION_COMMENTS = YES;
				CLANG_WARN_EMPTY_BODY = YES;
				CLANG_WARN_ENUM_CONVERSION = YES;
				CLANG_WARN_INFINITE_RECURSION = YES;
				CLANG_WARN_INT_CONVERSION = YES;
				CLANG_WARN_OBJC_ROOT_CLASS = YES_ERROR;
				CLANG_WARN_SUSPICIOUS_MOVES = YES;
				CLANG_WARN_UNREACHABLE_CODE = YES;
				CLANG_WARN__DUPLICATE_METHOD_MATCH = YES;
				"CODE_SIGN_IDENTITY[sdk=iphoneos*]" = "iPhone Developer";
				COPY_PHASE_STRIP = NO;
				DEBUG_INFORMATION_FORMAT = "dwarf-with-dsym";
				ENABLE_NS_ASSERTIONS = NO;
				ENABLE_STRICT_OBJC_MSGSEND = YES;
				GCC_C_LANGUAGE_STANDARD = gnu99;
				GCC_NO_COMMON_BLOCKS = YES;
				GCC_WARN_64_TO_32_BIT_CONVERSION = YES;
				GCC_WARN_ABOUT_RETURN_TYPE = YES_ERROR;
				GCC_WARN_UNDECLARED_SELECTOR = YES;
				GCC_WARN_UNINITIALIZED_AUTOS = YES_AGGRESSIVE;
				GCC_WARN_UNUSED_FUNCTION = YES;
				GCC_WARN_UNUSED_VARIABLE = YES;
				IPHONEOS_DEPLOYMENT_TARGET = 10.1;
				MTL_ENABLE_DEBUG_INFO = NO;
				SDKROOT = iphoneos;
				SWIFT_OPTIMIZATION_LEVEL = "-Owholemodule";
				VALIDATE_PRODUCT = YES;
			};
			name = Release;
		};
		3A994B411E07EB530020178A /* Debug */ = {
			isa = XCBuildConfiguration;
			baseConfigurationReference = 4903D880437484F5F54E0D93 /* Pods-AppDemo.debug.xcconfig */;
			buildSettings = {
				ALWAYS_EMBED_SWIFT_STANDARD_LIBRARIES = YES;
				ASSETCATALOG_COMPILER_APPICON_NAME = AppIcon;
				INFOPLIST_FILE = AppDemo/Info.plist;
				LD_RUNPATH_SEARCH_PATHS = "$(inherited) @executable_path/Frameworks";
				PRODUCT_BUNDLE_IDENTIFIER = cn.dxy.bone.AppDemo;
				PRODUCT_NAME = "$(TARGET_NAME)";
				SWIFT_VERSION = 3.0;
			};
			name = Debug;
		};
		3A994B421E07EB530020178A /* Release */ = {
			isa = XCBuildConfiguration;
			baseConfigurationReference = 751F241754228E79AA770AC8 /* Pods-AppDemo.release.xcconfig */;
			buildSettings = {
				ALWAYS_EMBED_SWIFT_STANDARD_LIBRARIES = YES;
				ASSETCATALOG_COMPILER_APPICON_NAME = AppIcon;
				INFOPLIST_FILE = AppDemo/Info.plist;
				LD_RUNPATH_SEARCH_PATHS = "$(inherited) @executable_path/Frameworks";
				PRODUCT_BUNDLE_IDENTIFIER = cn.dxy.bone.AppDemo;
				PRODUCT_NAME = "$(TARGET_NAME)";
				SWIFT_VERSION = 3.0;
			};
			name = Release;
		};
		3A994B5F1E07EBA60020178A /* Debug */ = {
			isa = XCBuildConfiguration;
			baseConfigurationReference = 2020DB03C1A26403A80823C5 /* Pods-ReactiveCocoaExtension.debug.xcconfig */;
			buildSettings = {
				CLANG_ENABLE_MODULES = YES;
				CODE_SIGN_IDENTITY = "";
				CURRENT_PROJECT_VERSION = 1;
				DEFINES_MODULE = YES;
				DYLIB_COMPATIBILITY_VERSION = 1;
				DYLIB_CURRENT_VERSION = 1;
				DYLIB_INSTALL_NAME_BASE = "@rpath";
				INFOPLIST_FILE = ReactiveCocoaExtension/Info.plist;
				INSTALL_PATH = "$(LOCAL_LIBRARY_DIR)/Frameworks";
				LD_RUNPATH_SEARCH_PATHS = "$(inherited) @executable_path/Frameworks @loader_path/Frameworks";
				PRODUCT_BUNDLE_IDENTIFIER = lacklock.ReactiveCocoaExtension;
				PRODUCT_NAME = "$(TARGET_NAME)";
				SKIP_INSTALL = YES;
				SWIFT_OPTIMIZATION_LEVEL = "-Onone";
				SWIFT_VERSION = 3.0;
				TARGETED_DEVICE_FAMILY = "1,2";
				VERSIONING_SYSTEM = "apple-generic";
				VERSION_INFO_PREFIX = "";
			};
			name = Debug;
		};
		3A994B601E07EBA60020178A /* Release */ = {
			isa = XCBuildConfiguration;
			baseConfigurationReference = E7A0F3ADE61900582F796315 /* Pods-ReactiveCocoaExtension.release.xcconfig */;
			buildSettings = {
				CLANG_ENABLE_MODULES = YES;
				CODE_SIGN_IDENTITY = "";
				CURRENT_PROJECT_VERSION = 1;
				DEFINES_MODULE = YES;
				DYLIB_COMPATIBILITY_VERSION = 1;
				DYLIB_CURRENT_VERSION = 1;
				DYLIB_INSTALL_NAME_BASE = "@rpath";
				INFOPLIST_FILE = ReactiveCocoaExtension/Info.plist;
				INSTALL_PATH = "$(LOCAL_LIBRARY_DIR)/Frameworks";
				LD_RUNPATH_SEARCH_PATHS = "$(inherited) @executable_path/Frameworks @loader_path/Frameworks";
				PRODUCT_BUNDLE_IDENTIFIER = lacklock.ReactiveCocoaExtension;
				PRODUCT_NAME = "$(TARGET_NAME)";
				SKIP_INSTALL = YES;
				SWIFT_VERSION = 3.0;
				TARGETED_DEVICE_FAMILY = "1,2";
				VERSIONING_SYSTEM = "apple-generic";
				VERSION_INFO_PREFIX = "";
			};
			name = Release;
		};
		3A994B611E07EBA60020178A /* Debug */ = {
			isa = XCBuildConfiguration;
			baseConfigurationReference = 31DDADCC684345786F11EC7D /* Pods-ReactiveCocoaExtensionTests.debug.xcconfig */;
			buildSettings = {
				ALWAYS_EMBED_SWIFT_STANDARD_LIBRARIES = YES;
				INFOPLIST_FILE = ReactiveCocoaExtensionTests/Info.plist;
				LD_RUNPATH_SEARCH_PATHS = "$(inherited) @executable_path/Frameworks @loader_path/Frameworks";
				PRODUCT_BUNDLE_IDENTIFIER = lacklock.ReactiveCocoaExtensionTests;
				PRODUCT_NAME = "$(TARGET_NAME)";
				SWIFT_VERSION = 3.0;
				TEST_HOST = "$(BUILT_PRODUCTS_DIR)/AppDemo.app/AppDemo";
			};
			name = Debug;
		};
		3A994B621E07EBA60020178A /* Release */ = {
			isa = XCBuildConfiguration;
			baseConfigurationReference = 44B83CC0DEB60E0DF58B5FB8 /* Pods-ReactiveCocoaExtensionTests.release.xcconfig */;
			buildSettings = {
				ALWAYS_EMBED_SWIFT_STANDARD_LIBRARIES = YES;
				INFOPLIST_FILE = ReactiveCocoaExtensionTests/Info.plist;
				LD_RUNPATH_SEARCH_PATHS = "$(inherited) @executable_path/Frameworks @loader_path/Frameworks";
				PRODUCT_BUNDLE_IDENTIFIER = lacklock.ReactiveCocoaExtensionTests;
				PRODUCT_NAME = "$(TARGET_NAME)";
				SWIFT_VERSION = 3.0;
				TEST_HOST = "$(BUILT_PRODUCTS_DIR)/AppDemo.app/AppDemo";
			};
			name = Release;
		};
/* End XCBuildConfiguration section */

/* Begin XCConfigurationList section */
		3A994B291E07EB530020178A /* Build configuration list for PBXProject "AppDemo" */ = {
			isa = XCConfigurationList;
			buildConfigurations = (
				3A994B3E1E07EB530020178A /* Debug */,
				3A994B3F1E07EB530020178A /* Release */,
			);
			defaultConfigurationIsVisible = 0;
			defaultConfigurationName = Release;
		};
		3A994B401E07EB530020178A /* Build configuration list for PBXNativeTarget "AppDemo" */ = {
			isa = XCConfigurationList;
			buildConfigurations = (
				3A994B411E07EB530020178A /* Debug */,
				3A994B421E07EB530020178A /* Release */,
			);
			defaultConfigurationIsVisible = 0;
			defaultConfigurationName = Release;
		};
		3A994B631E07EBA60020178A /* Build configuration list for PBXNativeTarget "ReactiveCocoaExtension" */ = {
			isa = XCConfigurationList;
			buildConfigurations = (
				3A994B5F1E07EBA60020178A /* Debug */,
				3A994B601E07EBA60020178A /* Release */,
			);
			defaultConfigurationIsVisible = 0;
			defaultConfigurationName = Release;
		};
		3A994B651E07EBA60020178A /* Build configuration list for PBXNativeTarget "ReactiveCocoaExtensionTests" */ = {
			isa = XCConfigurationList;
			buildConfigurations = (
				3A994B611E07EBA60020178A /* Debug */,
				3A994B621E07EBA60020178A /* Release */,
			);
			defaultConfigurationIsVisible = 0;
			defaultConfigurationName = Release;
		};
/* End XCConfigurationList section */
	};
	rootObject = 3A994B261E07EB530020178A /* Project object */;
}
